
Microsoft Visual Studio Solution File, Format Version 12.00
# Visual Studio Version 17
VisualStudioVersion = 17.10.35122.118
MinimumVisualStudioVersion = 10.0.40219.1
Project("{FAE04EC0-301F-11D3-BF4B-00C04F79EFBC}") = "CustomerManagementSystem", "CustomerManagementSystem\CustomerManagementSystem.csproj", "{69401931-0926-46B0-9FC0-6EA827D2A959}"
EndProject
Global
	GlobalSection(SolutionConfigurationPlatforms) = preSolution
		Debug|Any CPU = Debug|Any CPU
		Release|Any CPU = Release|Any CPU
	EndGlobalSection
	GlobalSection(ProjectConfigurationPlatforms) = postSolution
		{69401931-0926-46B0-9FC0-6EA827D2A959}.Debug|Any CPU.ActiveCfg = Debug|Any CPU
		{69401931-0926-46B0-9FC0-6EA827D2A959}.Debug|Any CPU.Build.0 = Debug|Any CPU
		{69401931-0926-46B0-9FC0-6EA827D2A959}.Release|Any CPU.ActiveCfg = Release|Any CPU
		{69401931-0926-46B0-9FC0-6EA827D2A959}.Release|Any CPU.Build.0 = Release|Any CPU
	EndGlobalSection
	GlobalSection(SolutionProperties) = preSolution
		HideSolutionNode = FALSE
	EndGlobalSection
	GlobalSection(ExtensibilityGlobals) = postSolution
		SolutionGuid = {4EC1E7D9-DBAF-4716-AF5E-483C4204F15B}
	EndGlobalSection
EndGlobal
